
Microsoft Visual Studio Solution File, Format Version 12.00
# Visual Studio Version 17
VisualStudioVersion = 17.9.34616.47
MinimumVisualStudioVersion = 10.0.40219.1
Project("{FAE04EC0-301F-11D3-BF4B-00C04F79EFBC}") = "NotesAuth", "NotesAuth\NotesAuth.csproj", "{8C4571B6-DC56-4240-8ADA-68229C70B003}"
EndProject
Global
	GlobalSection(SolutionConfigurationPlatforms) = preSolution
		Debug|Any CPU = Debug|Any CPU
		Release|Any CPU = Release|Any CPU
	EndGlobalSection
	GlobalSection(ProjectConfigurationPlatforms) = postSolution
		{8C4571B6-DC56-4240-8ADA-68229C70B003}.Debug|Any CPU.ActiveCfg = Debug|Any CPU
		{8C4571B6-DC56-4240-8ADA-68229C70B003}.Debug|Any CPU.Build.0 = Debug|Any CPU
		{8C4571B6-DC56-4240-8ADA-68229C70B003}.Release|Any CPU.ActiveCfg = Release|Any CPU
		{8C4571B6-DC56-4240-8ADA-68229C70B003}.Release|Any CPU.Build.0 = Release|Any CPU
	EndGlobalSection
	GlobalSection(SolutionProperties) = preSolution
		HideSolutionNode = FALSE
	EndGlobalSection
	GlobalSection(ExtensibilityGlobals) = postSolution
		SolutionGuid = {070360D3-9339-41CA-A782-AFEB029FBAF6}
	EndGlobalSection
EndGlobal
